
Microsoft Visual Studio Solution File, Format Version 12.00
# Visual Studio 2013
VisualStudioVersion = 12.0.21005.1
MinimumVisualStudioVersion = 10.0.40219.1
Project("{FAE04EC0-301F-11D3-BF4B-00C04F79EFBC}") = "BanglaDictionary", "BanglaDictionary\BanglaDictionary.csproj", "{408BFC2F-A0AE-4BE2-8411-6DE97A5E4664}"
EndProject
Global
	GlobalSection(SolutionConfigurationPlatforms) = preSolution
		Debug|Any CPU = Debug|Any CPU
		Release|Any CPU = Release|Any CPU
	EndGlobalSection
	GlobalSection(ProjectConfigurationPlatforms) = postSolution
		{408BFC2F-A0AE-4BE2-8411-6DE97A5E4664}.Debug|Any CPU.ActiveCfg = Debug|Any CPU
		{408BFC2F-A0AE-4BE2-8411-6DE97A5E4664}.Debug|Any CPU.Build.0 = Debug|Any CPU
		{408BFC2F-A0AE-4BE2-8411-6DE97A5E4664}.Release|Any CPU.ActiveCfg = Release|Any CPU
		{408BFC2F-A0AE-4BE2-8411-6DE97A5E4664}.Release|Any CPU.Build.0 = Release|Any CPU
	EndGlobalSection
	GlobalSection(SolutionProperties) = preSolution
		HideSolutionNode = FALSE
	EndGlobalSection
EndGlobal
